
Microsoft Visual Studio Solution File, Format Version 12.00
# Visual Studio Version 17
VisualStudioVersion = 17.9.34607.119
MinimumVisualStudioVersion = 10.0.40219.1
Project("{FAE04EC0-301F-11D3-BF4B-00C04F79EFBC}") = "Pandemic.Tracker.Web", "Pandemic.Tracker.Web\Pandemic.Tracker.Web.csproj", "{A49F7E08-3CEB-45C8-8855-CBDC46EA567E}"
EndProject
Global
	GlobalSection(SolutionConfigurationPlatforms) = preSolution
		Debug|Any CPU = Debug|Any CPU
		Release|Any CPU = Release|Any CPU
	EndGlobalSection
	GlobalSection(ProjectConfigurationPlatforms) = postSolution
		{A49F7E08-3CEB-45C8-8855-CBDC46EA567E}.Debug|Any CPU.ActiveCfg = Debug|Any CPU
		{A49F7E08-3CEB-45C8-8855-CBDC46EA567E}.Debug|Any CPU.Build.0 = Debug|Any CPU
		{A49F7E08-3CEB-45C8-8855-CBDC46EA567E}.Release|Any CPU.ActiveCfg = Release|Any CPU
		{A49F7E08-3CEB-45C8-8855-CBDC46EA567E}.Release|Any CPU.Build.0 = Release|Any CPU
	EndGlobalSection
	GlobalSection(SolutionProperties) = preSolution
		HideSolutionNode = FALSE
	EndGlobalSection
	GlobalSection(ExtensibilityGlobals) = postSolution
		SolutionGuid = {04F50B84-66C3-4DFA-8D96-B86DAF0892D4}
	EndGlobalSection
EndGlobal
